
Microsoft Visual Studio Solution File, Format Version 12.00
# Visual Studio 15
VisualStudioVersion = 15.0.26730.12
MinimumVisualStudioVersion = 10.0.40219.1
Project("{FAE04EC0-301F-11D3-BF4B-00C04F79EFBC}") = "Key-Finder", "Key-Finder\Key-Finder.csproj", "{D2FB49AB-2EAF-46E4-9B66-C34AD579B4BE}"
EndProject
Global
	GlobalSection(SolutionConfigurationPlatforms) = preSolution
		Debug|Any CPU = Debug|Any CPU
		Release|Any CPU = Release|Any CPU
	EndGlobalSection
	GlobalSection(ProjectConfigurationPlatforms) = postSolution
		{D2FB49AB-2EAF-46E4-9B66-C34AD579B4BE}.Debug|Any CPU.ActiveCfg = Debug|Any CPU
		{D2FB49AB-2EAF-46E4-9B66-C34AD579B4BE}.Debug|Any CPU.Build.0 = Debug|Any CPU
		{D2FB49AB-2EAF-46E4-9B66-C34AD579B4BE}.Release|Any CPU.ActiveCfg = Release|Any CPU
		{D2FB49AB-2EAF-46E4-9B66-C34AD579B4BE}.Release|Any CPU.Build.0 = Release|Any CPU
	EndGlobalSection
	GlobalSection(SolutionProperties) = preSolution
		HideSolutionNode = FALSE
	EndGlobalSection
	GlobalSection(ExtensibilityGlobals) = postSolution
		SolutionGuid = {04546B7B-ECB6-43A0-8683-C3471F885B61}
	EndGlobalSection
EndGlobal
